
Microsoft Visual Studio Solution File, Format Version 12.00
# Visual Studio Version 17
VisualStudioVersion = 17.0.31903.59
MinimumVisualStudioVersion = 10.0.40219.1
Project("{2150E333-8FDC-42A3-9474-1A3956D46DE8}") = "src", "src", "{827E0CD3-B72D-47B6-A68D-7590B98EB39B}"
EndProject
Project("{FAE04EC0-301F-11D3-BF4B-00C04F79EFBC}") = "FastTreeDataGrid.Control", "src\FastTreeDataGrid.Control\FastTreeDataGrid.Control.csproj", "{DCBFB916-E4E6-4343-98ED-456D7C0886BC}"
EndProject
Project("{2150E333-8FDC-42A3-9474-1A3956D46DE8}") = "samples", "samples", "{5D20AA90-6969-D8BD-9DCD-8634F4692FDA}"
EndProject
Project("{FAE04EC0-301F-11D3-BF4B-00C04F79EFBC}") = "FastTreeDataGrid.Demo", "samples\FastTreeDataGrid.Demo\FastTreeDataGrid.Demo.csproj", "{CDB1AEB7-9D0B-4837-89FE-4F254D414931}"
EndProject
Project("{FAE04EC0-301F-11D3-BF4B-00C04F79EFBC}") = "FastTreeDataGrid.WidgetsDemo", "samples\FastTreeDataGrid.WidgetsDemo\FastTreeDataGrid.WidgetsDemo.csproj", "{13383761-0B99-416D-BBD5-3AABC9E8BD38}"
EndProject
Project("{FAE04EC0-301F-11D3-BF4B-00C04F79EFBC}") = "FastTreeDataGrid.VirtualizationDemo", "samples\FastTreeDataGrid.VirtualizationDemo\FastTreeDataGrid.VirtualizationDemo.csproj", "{9B837BF8-4B1B-467B-A7F4-7AB2D230B9AD}"
EndProject
Project("{FAE04EC0-301F-11D3-BF4B-00C04F79EFBC}") = "FastTreeDataGrid.DualVirtualizationDemo", "samples\FastTreeDataGrid.DualVirtualizationDemo\FastTreeDataGrid.DualVirtualizationDemo.csproj", "{9313EF50-C42E-429F-B3EE-7289B61FA0A4}"
EndProject
Project("{FAE04EC0-301F-11D3-BF4B-00C04F79EFBC}") = "FastTreeDataGrid.DataSourcesDemo", "samples\FastTreeDataGrid.DataSourcesDemo\FastTreeDataGrid.DataSourcesDemo.csproj", "{6B5AA03F-65CE-409E-9568-FE6B2DAEBF8F}"
EndProject
Project("{FAE04EC0-301F-11D3-BF4B-00C04F79EFBC}") = "FastTreeDataGrid.GroupingDemo", "samples\FastTreeDataGrid.GroupingDemo\FastTreeDataGrid.GroupingDemo.csproj", "{0862D1C9-4FCC-4585-9C7A-DF05616AD337}"
EndProject
Project("{2150E333-8FDC-42A3-9474-1A3956D46DE8}") = "benchmarks", "benchmarks", "{B3EEC49A-8CD7-46D4-8AE7-E7770D4F0537}"
EndProject
Project("{FAE04EC0-301F-11D3-BF4B-00C04F79EFBC}") = "FastTreeDataGrid.Benchmarks", "benchmarks\FastTreeDataGrid.Benchmarks\FastTreeDataGrid.Benchmarks.csproj", "{84370008-1DA8-467F-BEB6-F94110138EAE}"
EndProject
Project("{2150E333-8FDC-42A3-9474-1A3956D46DE8}") = "tests", "tests", "{6DB1ACB8-5D2B-4330-9F06-A485AACF7C6F}"
EndProject
Project("{FAE04EC0-301F-11D3-BF4B-00C04F79EFBC}") = "FastTreeDataGrid.Control.Tests", "tests\FastTreeDataGrid.Control.Tests\FastTreeDataGrid.Control.Tests.csproj", "{49AFBE02-FE56-4774-BC8B-44E3C2B9AD2A}"
EndProject
Project("{FAE04EC0-301F-11D3-BF4B-00C04F79EFBC}") = "FastTreeDataGrid.Analyzers", "src\FastTreeDataGrid.Analyzers\FastTreeDataGrid.Analyzers.csproj", "{5A6E6F2D-18E9-4A93-BE84-53C2250006DF}"
EndProject
Project("{FAE04EC0-301F-11D3-BF4B-00C04F79EFBC}") = "FastTreeDataGrid.Widgets", "src\FastTreeDataGrid.Widgets\FastTreeDataGrid.Widgets.csproj", "{6691EE92-85E4-4F42-84BA-AEB2E0CCC419}"
EndProject
Project("{FAE04EC0-301F-11D3-BF4B-00C04F79EFBC}") = "FastTreeDataGrid.Engine", "src\FastTreeDataGrid.Engine\FastTreeDataGrid.Engine.csproj", "{8F579FCE-99B2-4098-92B4-94D6E91C2BC1}"
EndProject
Project("{FAE04EC0-301F-11D3-BF4B-00C04F79EFBC}") = "FastTreeDataGrid.Engine.Tests", "tests\FastTreeDataGrid.Engine.Tests\FastTreeDataGrid.Engine.Tests.csproj", "{16BDF6FE-DB44-40E3-AFA1-ACE3D8753D69}"
EndProject
Project("{FAE04EC0-301F-11D3-BF4B-00C04F79EFBC}") = "FastTreeDataGrid.ExcelDemo", "samples\FastTreeDataGrid.ExcelDemo\FastTreeDataGrid.ExcelDemo.csproj", "{5DFC92F5-9A8D-43B5-A2DD-36C8F814D312}"
EndProject
Project("{FAE04EC0-301F-11D3-BF4B-00C04F79EFBC}") = "FastTreeDataGrid.ExcelLikeDemo", "samples\FastTreeDataGrid.ExcelLikeDemo\FastTreeDataGrid.ExcelLikeDemo.csproj", "{DF2C23BF-C288-445F-849C-B03B2973BE81}"
EndProject
Project("{FAE04EC0-301F-11D3-BF4B-00C04F79EFBC}") = "FastTreeDataGrid.ControlsDemo", "samples\FastTreeDataGrid.ControlsDemo\FastTreeDataGrid.ControlsDemo.csproj", "{BCA6EFE3-55DF-43C2-ABC0-9FA7FBAD1FE1}"
EndProject
Project("{2150E333-8FDC-42A3-9474-1A3956D46DE8}") = "build", "build", "{87C9EB73-4766-4B8B-8EAA-FB660FD2DE66}"
	ProjectSection(SolutionItems) = preProject
		Directory.Build.props = Directory.Build.props
		Directory.Packages.props = Directory.Packages.props
		global.json = global.json
	EndProjectSection
EndProject
Project("{FAE04EC0-301F-11D3-BF4B-00C04F79EFBC}") = "ControlCatalog", "samples\ControlCatalog\ControlCatalog.csproj", "{24DFE1FB-B6D8-41C4-B65B-3AB567EE95AF}"
EndProject
Project("{FAE04EC0-301F-11D3-BF4B-00C04F79EFBC}") = "ControlCatalog.NetCore", "samples\ControlCatalog.NetCore\ControlCatalog.NetCore.csproj", "{6FBFA8C5-4E33-4DC0-90EE-54EEA1447019}"
EndProject
Project("{FAE04EC0-301F-11D3-BF4B-00C04F79EFBC}") = "ControlSamples", "samples\SampleControls\ControlSamples.csproj", "{41FDFDAF-6A55-43C9-B727-43603D7E499A}"
EndProject
Global
	GlobalSection(SolutionConfigurationPlatforms) = preSolution
		Debug|Any CPU = Debug|Any CPU
		Debug|x64 = Debug|x64
		Debug|x86 = Debug|x86
		Release|Any CPU = Release|Any CPU
		Release|x64 = Release|x64
		Release|x86 = Release|x86
	EndGlobalSection
	GlobalSection(ProjectConfigurationPlatforms) = postSolution
		{DCBFB916-E4E6-4343-98ED-456D7C0886BC}.Debug|Any CPU.ActiveCfg = Debug|Any CPU
		{DCBFB916-E4E6-4343-98ED-456D7C0886BC}.Debug|Any CPU.Build.0 = Debug|Any CPU
		{DCBFB916-E4E6-4343-98ED-456D7C0886BC}.Debug|x64.ActiveCfg = Debug|Any CPU
		{DCBFB916-E4E6-4343-98ED-456D7C0886BC}.Debug|x64.Build.0 = Debug|Any CPU
		{DCBFB916-E4E6-4343-98ED-456D7C0886BC}.Debug|x86.ActiveCfg = Debug|Any CPU
		{DCBFB916-E4E6-4343-98ED-456D7C0886BC}.Debug|x86.Build.0 = Debug|Any CPU
		{DCBFB916-E4E6-4343-98ED-456D7C0886BC}.Release|Any CPU.ActiveCfg = Release|Any CPU
		{DCBFB916-E4E6-4343-98ED-456D7C0886BC}.Release|Any CPU.Build.0 = Release|Any CPU
		{DCBFB916-E4E6-4343-98ED-456D7C0886BC}.Release|x64.ActiveCfg = Release|Any CPU
		{DCBFB916-E4E6-4343-98ED-456D7C0886BC}.Release|x64.Build.0 = Release|Any CPU
		{DCBFB916-E4E6-4343-98ED-456D7C0886BC}.Release|x86.ActiveCfg = Release|Any CPU
		{DCBFB916-E4E6-4343-98ED-456D7C0886BC}.Release|x86.Build.0 = Release|Any CPU
		{CDB1AEB7-9D0B-4837-89FE-4F254D414931}.Debug|Any CPU.ActiveCfg = Debug|Any CPU
		{CDB1AEB7-9D0B-4837-89FE-4F254D414931}.Debug|Any CPU.Build.0 = Debug|Any CPU
		{CDB1AEB7-9D0B-4837-89FE-4F254D414931}.Debug|x64.ActiveCfg = Debug|Any CPU
		{CDB1AEB7-9D0B-4837-89FE-4F254D414931}.Debug|x64.Build.0 = Debug|Any CPU
		{CDB1AEB7-9D0B-4837-89FE-4F254D414931}.Debug|x86.ActiveCfg = Debug|Any CPU
		{CDB1AEB7-9D0B-4837-89FE-4F254D414931}.Debug|x86.Build.0 = Debug|Any CPU
		{CDB1AEB7-9D0B-4837-89FE-4F254D414931}.Release|Any CPU.ActiveCfg = Release|Any CPU
		{CDB1AEB7-9D0B-4837-89FE-4F254D414931}.Release|Any CPU.Build.0 = Release|Any CPU
		{CDB1AEB7-9D0B-4837-89FE-4F254D414931}.Release|x64.ActiveCfg = Release|Any CPU
		{CDB1AEB7-9D0B-4837-89FE-4F254D414931}.Release|x64.Build.0 = Release|Any CPU
		{CDB1AEB7-9D0B-4837-89FE-4F254D414931}.Release|x86.ActiveCfg = Release|Any CPU
		{CDB1AEB7-9D0B-4837-89FE-4F254D414931}.Release|x86.Build.0 = Release|Any CPU
		{13383761-0B99-416D-BBD5-3AABC9E8BD38}.Debug|Any CPU.ActiveCfg = Debug|Any CPU
		{13383761-0B99-416D-BBD5-3AABC9E8BD38}.Debug|Any CPU.Build.0 = Debug|Any CPU
		{13383761-0B99-416D-BBD5-3AABC9E8BD38}.Debug|x64.ActiveCfg = Debug|Any CPU
		{13383761-0B99-416D-BBD5-3AABC9E8BD38}.Debug|x64.Build.0 = Debug|Any CPU
		{13383761-0B99-416D-BBD5-3AABC9E8BD38}.Debug|x86.ActiveCfg = Debug|Any CPU
		{13383761-0B99-416D-BBD5-3AABC9E8BD38}.Debug|x86.Build.0 = Debug|Any CPU
		{13383761-0B99-416D-BBD5-3AABC9E8BD38}.Release|Any CPU.ActiveCfg = Release|Any CPU
		{13383761-0B99-416D-BBD5-3AABC9E8BD38}.Release|Any CPU.Build.0 = Release|Any CPU
		{13383761-0B99-416D-BBD5-3AABC9E8BD38}.Release|x64.ActiveCfg = Release|Any CPU
		{13383761-0B99-416D-BBD5-3AABC9E8BD38}.Release|x64.Build.0 = Release|Any CPU
		{13383761-0B99-416D-BBD5-3AABC9E8BD38}.Release|x86.ActiveCfg = Release|Any CPU
		{13383761-0B99-416D-BBD5-3AABC9E8BD38}.Release|x86.Build.0 = Release|Any CPU
		{9B837BF8-4B1B-467B-A7F4-7AB2D230B9AD}.Debug|Any CPU.ActiveCfg = Debug|Any CPU
		{9B837BF8-4B1B-467B-A7F4-7AB2D230B9AD}.Debug|Any CPU.Build.0 = Debug|Any CPU
		{9B837BF8-4B1B-467B-A7F4-7AB2D230B9AD}.Debug|x64.ActiveCfg = Debug|Any CPU
		{9B837BF8-4B1B-467B-A7F4-7AB2D230B9AD}.Debug|x64.Build.0 = Debug|Any CPU
		{9B837BF8-4B1B-467B-A7F4-7AB2D230B9AD}.Debug|x86.ActiveCfg = Debug|Any CPU
		{9B837BF8-4B1B-467B-A7F4-7AB2D230B9AD}.Debug|x86.Build.0 = Debug|Any CPU
		{9B837BF8-4B1B-467B-A7F4-7AB2D230B9AD}.Release|Any CPU.ActiveCfg = Release|Any CPU
		{9B837BF8-4B1B-467B-A7F4-7AB2D230B9AD}.Release|Any CPU.Build.0 = Release|Any CPU
		{9B837BF8-4B1B-467B-A7F4-7AB2D230B9AD}.Release|x64.ActiveCfg = Release|Any CPU
		{9B837BF8-4B1B-467B-A7F4-7AB2D230B9AD}.Release|x64.Build.0 = Release|Any CPU
		{9B837BF8-4B1B-467B-A7F4-7AB2D230B9AD}.Release|x86.ActiveCfg = Release|Any CPU
		{9B837BF8-4B1B-467B-A7F4-7AB2D230B9AD}.Release|x86.Build.0 = Release|Any CPU
		{9313EF50-C42E-429F-B3EE-7289B61FA0A4}.Debug|Any CPU.ActiveCfg = Debug|Any CPU
		{9313EF50-C42E-429F-B3EE-7289B61FA0A4}.Debug|Any CPU.Build.0 = Debug|Any CPU
		{9313EF50-C42E-429F-B3EE-7289B61FA0A4}.Debug|x64.ActiveCfg = Debug|Any CPU
		{9313EF50-C42E-429F-B3EE-7289B61FA0A4}.Debug|x64.Build.0 = Debug|Any CPU
		{9313EF50-C42E-429F-B3EE-7289B61FA0A4}.Debug|x86.ActiveCfg = Debug|Any CPU
		{9313EF50-C42E-429F-B3EE-7289B61FA0A4}.Debug|x86.Build.0 = Debug|Any CPU
		{9313EF50-C42E-429F-B3EE-7289B61FA0A4}.Release|Any CPU.ActiveCfg = Release|Any CPU
		{9313EF50-C42E-429F-B3EE-7289B61FA0A4}.Release|Any CPU.Build.0 = Release|Any CPU
		{9313EF50-C42E-429F-B3EE-7289B61FA0A4}.Release|x64.ActiveCfg = Release|Any CPU
		{9313EF50-C42E-429F-B3EE-7289B61FA0A4}.Release|x64.Build.0 = Release|Any CPU
		{9313EF50-C42E-429F-B3EE-7289B61FA0A4}.Release|x86.ActiveCfg = Release|Any CPU
		{9313EF50-C42E-429F-B3EE-7289B61FA0A4}.Release|x86.Build.0 = Release|Any CPU
		{6B5AA03F-65CE-409E-9568-FE6B2DAEBF8F}.Debug|Any CPU.ActiveCfg = Debug|Any CPU
		{6B5AA03F-65CE-409E-9568-FE6B2DAEBF8F}.Debug|Any CPU.Build.0 = Debug|Any CPU
		{6B5AA03F-65CE-409E-9568-FE6B2DAEBF8F}.Debug|x64.ActiveCfg = Debug|Any CPU
		{6B5AA03F-65CE-409E-9568-FE6B2DAEBF8F}.Debug|x64.Build.0 = Debug|Any CPU
		{6B5AA03F-65CE-409E-9568-FE6B2DAEBF8F}.Debug|x86.ActiveCfg = Debug|Any CPU
		{6B5AA03F-65CE-409E-9568-FE6B2DAEBF8F}.Debug|x86.Build.0 = Debug|Any CPU
		{6B5AA03F-65CE-409E-9568-FE6B2DAEBF8F}.Release|Any CPU.ActiveCfg = Release|Any CPU
		{6B5AA03F-65CE-409E-9568-FE6B2DAEBF8F}.Release|Any CPU.Build.0 = Release|Any CPU
		{6B5AA03F-65CE-409E-9568-FE6B2DAEBF8F}.Release|x64.ActiveCfg = Release|Any CPU
		{6B5AA03F-65CE-409E-9568-FE6B2DAEBF8F}.Release|x64.Build.0 = Release|Any CPU
		{6B5AA03F-65CE-409E-9568-FE6B2DAEBF8F}.Release|x86.ActiveCfg = Release|Any CPU
		{6B5AA03F-65CE-409E-9568-FE6B2DAEBF8F}.Release|x86.Build.0 = Release|Any CPU
		{0862D1C9-4FCC-4585-9C7A-DF05616AD337}.Debug|Any CPU.ActiveCfg = Debug|Any CPU
		{0862D1C9-4FCC-4585-9C7A-DF05616AD337}.Debug|Any CPU.Build.0 = Debug|Any CPU
		{0862D1C9-4FCC-4585-9C7A-DF05616AD337}.Debug|x64.ActiveCfg = Debug|Any CPU
		{0862D1C9-4FCC-4585-9C7A-DF05616AD337}.Debug|x64.Build.0 = Debug|Any CPU
		{0862D1C9-4FCC-4585-9C7A-DF05616AD337}.Debug|x86.ActiveCfg = Debug|Any CPU
		{0862D1C9-4FCC-4585-9C7A-DF05616AD337}.Debug|x86.Build.0 = Debug|Any CPU
		{0862D1C9-4FCC-4585-9C7A-DF05616AD337}.Release|Any CPU.ActiveCfg = Release|Any CPU
		{0862D1C9-4FCC-4585-9C7A-DF05616AD337}.Release|Any CPU.Build.0 = Release|Any CPU
		{0862D1C9-4FCC-4585-9C7A-DF05616AD337}.Release|x64.ActiveCfg = Release|Any CPU
		{0862D1C9-4FCC-4585-9C7A-DF05616AD337}.Release|x64.Build.0 = Release|Any CPU
		{0862D1C9-4FCC-4585-9C7A-DF05616AD337}.Release|x86.ActiveCfg = Release|Any CPU
		{0862D1C9-4FCC-4585-9C7A-DF05616AD337}.Release|x86.Build.0 = Release|Any CPU
		{84370008-1DA8-467F-BEB6-F94110138EAE}.Debug|Any CPU.ActiveCfg = Debug|Any CPU
		{84370008-1DA8-467F-BEB6-F94110138EAE}.Debug|Any CPU.Build.0 = Debug|Any CPU
		{84370008-1DA8-467F-BEB6-F94110138EAE}.Debug|x64.ActiveCfg = Debug|Any CPU
		{84370008-1DA8-467F-BEB6-F94110138EAE}.Debug|x64.Build.0 = Debug|Any CPU
		{84370008-1DA8-467F-BEB6-F94110138EAE}.Debug|x86.ActiveCfg = Debug|Any CPU
		{84370008-1DA8-467F-BEB6-F94110138EAE}.Debug|x86.Build.0 = Debug|Any CPU
		{84370008-1DA8-467F-BEB6-F94110138EAE}.Release|Any CPU.ActiveCfg = Release|Any CPU
		{84370008-1DA8-467F-BEB6-F94110138EAE}.Release|Any CPU.Build.0 = Release|Any CPU
		{84370008-1DA8-467F-BEB6-F94110138EAE}.Release|x64.ActiveCfg = Release|Any CPU
		{84370008-1DA8-467F-BEB6-F94110138EAE}.Release|x64.Build.0 = Release|Any CPU
		{84370008-1DA8-467F-BEB6-F94110138EAE}.Release|x86.ActiveCfg = Release|Any CPU
		{84370008-1DA8-467F-BEB6-F94110138EAE}.Release|x86.Build.0 = Release|Any CPU
		{49AFBE02-FE56-4774-BC8B-44E3C2B9AD2A}.Debug|Any CPU.ActiveCfg = Debug|Any CPU
		{49AFBE02-FE56-4774-BC8B-44E3C2B9AD2A}.Debug|Any CPU.Build.0 = Debug|Any CPU
		{49AFBE02-FE56-4774-BC8B-44E3C2B9AD2A}.Debug|x64.ActiveCfg = Debug|Any CPU
		{49AFBE02-FE56-4774-BC8B-44E3C2B9AD2A}.Debug|x64.Build.0 = Debug|Any CPU
		{49AFBE02-FE56-4774-BC8B-44E3C2B9AD2A}.Debug|x86.ActiveCfg = Debug|Any CPU
		{49AFBE02-FE56-4774-BC8B-44E3C2B9AD2A}.Debug|x86.Build.0 = Debug|Any CPU
		{49AFBE02-FE56-4774-BC8B-44E3C2B9AD2A}.Release|Any CPU.ActiveCfg = Release|Any CPU
		{49AFBE02-FE56-4774-BC8B-44E3C2B9AD2A}.Release|Any CPU.Build.0 = Release|Any CPU
		{49AFBE02-FE56-4774-BC8B-44E3C2B9AD2A}.Release|x64.ActiveCfg = Release|Any CPU
		{49AFBE02-FE56-4774-BC8B-44E3C2B9AD2A}.Release|x64.Build.0 = Release|Any CPU
		{49AFBE02-FE56-4774-BC8B-44E3C2B9AD2A}.Release|x86.ActiveCfg = Release|Any CPU
		{49AFBE02-FE56-4774-BC8B-44E3C2B9AD2A}.Release|x86.Build.0 = Release|Any CPU
		{5A6E6F2D-18E9-4A93-BE84-53C2250006DF}.Debug|Any CPU.ActiveCfg = Debug|Any CPU
		{5A6E6F2D-18E9-4A93-BE84-53C2250006DF}.Debug|Any CPU.Build.0 = Debug|Any CPU
		{5A6E6F2D-18E9-4A93-BE84-53C2250006DF}.Debug|x64.ActiveCfg = Debug|Any CPU
		{5A6E6F2D-18E9-4A93-BE84-53C2250006DF}.Debug|x64.Build.0 = Debug|Any CPU
		{5A6E6F2D-18E9-4A93-BE84-53C2250006DF}.Debug|x86.ActiveCfg = Debug|Any CPU
		{5A6E6F2D-18E9-4A93-BE84-53C2250006DF}.Debug|x86.Build.0 = Debug|Any CPU
		{5A6E6F2D-18E9-4A93-BE84-53C2250006DF}.Release|Any CPU.ActiveCfg = Release|Any CPU
		{5A6E6F2D-18E9-4A93-BE84-53C2250006DF}.Release|Any CPU.Build.0 = Release|Any CPU
		{5A6E6F2D-18E9-4A93-BE84-53C2250006DF}.Release|x64.ActiveCfg = Release|Any CPU
		{5A6E6F2D-18E9-4A93-BE84-53C2250006DF}.Release|x64.Build.0 = Release|Any CPU
		{5A6E6F2D-18E9-4A93-BE84-53C2250006DF}.Release|x86.ActiveCfg = Release|Any CPU
		{5A6E6F2D-18E9-4A93-BE84-53C2250006DF}.Release|x86.Build.0 = Release|Any CPU
		{6691EE92-85E4-4F42-84BA-AEB2E0CCC419}.Debug|Any CPU.ActiveCfg = Debug|Any CPU
		{6691EE92-85E4-4F42-84BA-AEB2E0CCC419}.Debug|Any CPU.Build.0 = Debug|Any CPU
		{6691EE92-85E4-4F42-84BA-AEB2E0CCC419}.Debug|x64.ActiveCfg = Debug|Any CPU
		{6691EE92-85E4-4F42-84BA-AEB2E0CCC419}.Debug|x64.Build.0 = Debug|Any CPU
		{6691EE92-85E4-4F42-84BA-AEB2E0CCC419}.Debug|x86.ActiveCfg = Debug|Any CPU
		{6691EE92-85E4-4F42-84BA-AEB2E0CCC419}.Debug|x86.Build.0 = Debug|Any CPU
		{6691EE92-85E4-4F42-84BA-AEB2E0CCC419}.Release|Any CPU.ActiveCfg = Release|Any CPU
		{6691EE92-85E4-4F42-84BA-AEB2E0CCC419}.Release|Any CPU.Build.0 = Release|Any CPU
		{6691EE92-85E4-4F42-84BA-AEB2E0CCC419}.Release|x64.ActiveCfg = Release|Any CPU
		{6691EE92-85E4-4F42-84BA-AEB2E0CCC419}.Release|x64.Build.0 = Release|Any CPU
		{6691EE92-85E4-4F42-84BA-AEB2E0CCC419}.Release|x86.ActiveCfg = Release|Any CPU
		{6691EE92-85E4-4F42-84BA-AEB2E0CCC419}.Release|x86.Build.0 = Release|Any CPU
		{8F579FCE-99B2-4098-92B4-94D6E91C2BC1}.Debug|Any CPU.ActiveCfg = Debug|Any CPU
		{8F579FCE-99B2-4098-92B4-94D6E91C2BC1}.Debug|Any CPU.Build.0 = Debug|Any CPU
		{8F579FCE-99B2-4098-92B4-94D6E91C2BC1}.Debug|x64.ActiveCfg = Debug|Any CPU
		{8F579FCE-99B2-4098-92B4-94D6E91C2BC1}.Debug|x64.Build.0 = Debug|Any CPU
		{8F579FCE-99B2-4098-92B4-94D6E91C2BC1}.Debug|x86.ActiveCfg = Debug|Any CPU
		{8F579FCE-99B2-4098-92B4-94D6E91C2BC1}.Debug|x86.Build.0 = Debug|Any CPU
		{8F579FCE-99B2-4098-92B4-94D6E91C2BC1}.Release|Any CPU.ActiveCfg = Release|Any CPU
		{8F579FCE-99B2-4098-92B4-94D6E91C2BC1}.Release|Any CPU.Build.0 = Release|Any CPU
		{8F579FCE-99B2-4098-92B4-94D6E91C2BC1}.Release|x64.ActiveCfg = Release|Any CPU
		{8F579FCE-99B2-4098-92B4-94D6E91C2BC1}.Release|x64.Build.0 = Release|Any CPU
		{8F579FCE-99B2-4098-92B4-94D6E91C2BC1}.Release|x86.ActiveCfg = Release|Any CPU
		{8F579FCE-99B2-4098-92B4-94D6E91C2BC1}.Release|x86.Build.0 = Release|Any CPU
		{16BDF6FE-DB44-40E3-AFA1-ACE3D8753D69}.Debug|Any CPU.ActiveCfg = Debug|Any CPU
		{16BDF6FE-DB44-40E3-AFA1-ACE3D8753D69}.Debug|Any CPU.Build.0 = Debug|Any CPU
		{16BDF6FE-DB44-40E3-AFA1-ACE3D8753D69}.Debug|x64.ActiveCfg = Debug|Any CPU
		{16BDF6FE-DB44-40E3-AFA1-ACE3D8753D69}.Debug|x64.Build.0 = Debug|Any CPU
		{16BDF6FE-DB44-40E3-AFA1-ACE3D8753D69}.Debug|x86.ActiveCfg = Debug|Any CPU
		{16BDF6FE-DB44-40E3-AFA1-ACE3D8753D69}.Debug|x86.Build.0 = Debug|Any CPU
		{16BDF6FE-DB44-40E3-AFA1-ACE3D8753D69}.Release|Any CPU.ActiveCfg = Release|Any CPU
		{16BDF6FE-DB44-40E3-AFA1-ACE3D8753D69}.Release|Any CPU.Build.0 = Release|Any CPU
		{16BDF6FE-DB44-40E3-AFA1-ACE3D8753D69}.Release|x64.ActiveCfg = Release|Any CPU
		{16BDF6FE-DB44-40E3-AFA1-ACE3D8753D69}.Release|x64.Build.0 = Release|Any CPU
		{16BDF6FE-DB44-40E3-AFA1-ACE3D8753D69}.Release|x86.ActiveCfg = Release|Any CPU
		{16BDF6FE-DB44-40E3-AFA1-ACE3D8753D69}.Release|x86.Build.0 = Release|Any CPU
		{5DFC92F5-9A8D-43B5-A2DD-36C8F814D312}.Debug|Any CPU.ActiveCfg = Debug|Any CPU
		{5DFC92F5-9A8D-43B5-A2DD-36C8F814D312}.Debug|Any CPU.Build.0 = Debug|Any CPU
		{5DFC92F5-9A8D-43B5-A2DD-36C8F814D312}.Debug|x64.ActiveCfg = Debug|Any CPU
		{5DFC92F5-9A8D-43B5-A2DD-36C8F814D312}.Debug|x64.Build.0 = Debug|Any CPU
		{5DFC92F5-9A8D-43B5-A2DD-36C8F814D312}.Debug|x86.ActiveCfg = Debug|Any CPU
		{5DFC92F5-9A8D-43B5-A2DD-36C8F814D312}.Debug|x86.Build.0 = Debug|Any CPU
		{5DFC92F5-9A8D-43B5-A2DD-36C8F814D312}.Release|Any CPU.ActiveCfg = Release|Any CPU
		{5DFC92F5-9A8D-43B5-A2DD-36C8F814D312}.Release|Any CPU.Build.0 = Release|Any CPU
		{5DFC92F5-9A8D-43B5-A2DD-36C8F814D312}.Release|x64.ActiveCfg = Release|Any CPU
		{5DFC92F5-9A8D-43B5-A2DD-36C8F814D312}.Release|x64.Build.0 = Release|Any CPU
		{5DFC92F5-9A8D-43B5-A2DD-36C8F814D312}.Release|x86.ActiveCfg = Release|Any CPU
		{5DFC92F5-9A8D-43B5-A2DD-36C8F814D312}.Release|x86.Build.0 = Release|Any CPU
		{DF2C23BF-C288-445F-849C-B03B2973BE81}.Debug|Any CPU.ActiveCfg = Debug|Any CPU
		{DF2C23BF-C288-445F-849C-B03B2973BE81}.Debug|Any CPU.Build.0 = Debug|Any CPU
		{DF2C23BF-C288-445F-849C-B03B2973BE81}.Debug|x64.ActiveCfg = Debug|Any CPU
		{DF2C23BF-C288-445F-849C-B03B2973BE81}.Debug|x64.Build.0 = Debug|Any CPU
		{DF2C23BF-C288-445F-849C-B03B2973BE81}.Debug|x86.ActiveCfg = Debug|Any CPU
		{DF2C23BF-C288-445F-849C-B03B2973BE81}.Debug|x86.Build.0 = Debug|Any CPU
		{DF2C23BF-C288-445F-849C-B03B2973BE81}.Release|Any CPU.ActiveCfg = Release|Any CPU
		{DF2C23BF-C288-445F-849C-B03B2973BE81}.Release|Any CPU.Build.0 = Release|Any CPU
		{DF2C23BF-C288-445F-849C-B03B2973BE81}.Release|x64.ActiveCfg = Release|Any CPU
		{DF2C23BF-C288-445F-849C-B03B2973BE81}.Release|x64.Build.0 = Release|Any CPU
		{DF2C23BF-C288-445F-849C-B03B2973BE81}.Release|x86.ActiveCfg = Release|Any CPU
		{DF2C23BF-C288-445F-849C-B03B2973BE81}.Release|x86.Build.0 = Release|Any CPU
		{BCA6EFE3-55DF-43C2-ABC0-9FA7FBAD1FE1}.Debug|Any CPU.ActiveCfg = Debug|Any CPU
		{BCA6EFE3-55DF-43C2-ABC0-9FA7FBAD1FE1}.Debug|Any CPU.Build.0 = Debug|Any CPU
		{BCA6EFE3-55DF-43C2-ABC0-9FA7FBAD1FE1}.Debug|x64.ActiveCfg = Debug|Any CPU
		{BCA6EFE3-55DF-43C2-ABC0-9FA7FBAD1FE1}.Debug|x64.Build.0 = Debug|Any CPU
		{BCA6EFE3-55DF-43C2-ABC0-9FA7FBAD1FE1}.Debug|x86.ActiveCfg = Debug|Any CPU
		{BCA6EFE3-55DF-43C2-ABC0-9FA7FBAD1FE1}.Debug|x86.Build.0 = Debug|Any CPU
		{BCA6EFE3-55DF-43C2-ABC0-9FA7FBAD1FE1}.Release|Any CPU.ActiveCfg = Release|Any CPU
		{BCA6EFE3-55DF-43C2-ABC0-9FA7FBAD1FE1}.Release|Any CPU.Build.0 = Release|Any CPU
		{BCA6EFE3-55DF-43C2-ABC0-9FA7FBAD1FE1}.Release|x64.ActiveCfg = Release|Any CPU
		{BCA6EFE3-55DF-43C2-ABC0-9FA7FBAD1FE1}.Release|x64.Build.0 = Release|Any CPU
		{BCA6EFE3-55DF-43C2-ABC0-9FA7FBAD1FE1}.Release|x86.ActiveCfg = Release|Any CPU
		{BCA6EFE3-55DF-43C2-ABC0-9FA7FBAD1FE1}.Release|x86.Build.0 = Release|Any CPU
		{24DFE1FB-B6D8-41C4-B65B-3AB567EE95AF}.Debug|Any CPU.ActiveCfg = Debug|Any CPU
		{24DFE1FB-B6D8-41C4-B65B-3AB567EE95AF}.Debug|Any CPU.Build.0 = Debug|Any CPU
		{24DFE1FB-B6D8-41C4-B65B-3AB567EE95AF}.Debug|x64.ActiveCfg = Debug|Any CPU
		{24DFE1FB-B6D8-41C4-B65B-3AB567EE95AF}.Debug|x64.Build.0 = Debug|Any CPU
		{24DFE1FB-B6D8-41C4-B65B-3AB567EE95AF}.Debug|x86.ActiveCfg = Debug|Any CPU
		{24DFE1FB-B6D8-41C4-B65B-3AB567EE95AF}.Debug|x86.Build.0 = Debug|Any CPU
		{24DFE1FB-B6D8-41C4-B65B-3AB567EE95AF}.Release|Any CPU.ActiveCfg = Release|Any CPU
		{24DFE1FB-B6D8-41C4-B65B-3AB567EE95AF}.Release|Any CPU.Build.0 = Release|Any CPU
		{24DFE1FB-B6D8-41C4-B65B-3AB567EE95AF}.Release|x64.ActiveCfg = Release|Any CPU
		{24DFE1FB-B6D8-41C4-B65B-3AB567EE95AF}.Release|x64.Build.0 = Release|Any CPU
		{24DFE1FB-B6D8-41C4-B65B-3AB567EE95AF}.Release|x86.ActiveCfg = Release|Any CPU
		{24DFE1FB-B6D8-41C4-B65B-3AB567EE95AF}.Release|x86.Build.0 = Release|Any CPU
		{6FBFA8C5-4E33-4DC0-90EE-54EEA1447019}.Debug|Any CPU.ActiveCfg = Debug|Any CPU
		{6FBFA8C5-4E33-4DC0-90EE-54EEA1447019}.Debug|Any CPU.Build.0 = Debug|Any CPU
		{6FBFA8C5-4E33-4DC0-90EE-54EEA1447019}.Debug|x64.ActiveCfg = Debug|Any CPU
		{6FBFA8C5-4E33-4DC0-90EE-54EEA1447019}.Debug|x64.Build.0 = Debug|Any CPU
		{6FBFA8C5-4E33-4DC0-90EE-54EEA1447019}.Debug|x86.ActiveCfg = Debug|Any CPU
		{6FBFA8C5-4E33-4DC0-90EE-54EEA1447019}.Debug|x86.Build.0 = Debug|Any CPU
		{6FBFA8C5-4E33-4DC0-90EE-54EEA1447019}.Release|Any CPU.ActiveCfg = Release|Any CPU
		{6FBFA8C5-4E33-4DC0-90EE-54EEA1447019}.Release|Any CPU.Build.0 = Release|Any CPU
		{6FBFA8C5-4E33-4DC0-90EE-54EEA1447019}.Release|x64.ActiveCfg = Release|Any CPU
		{6FBFA8C5-4E33-4DC0-90EE-54EEA1447019}.Release|x64.Build.0 = Release|Any CPU
		{6FBFA8C5-4E33-4DC0-90EE-54EEA1447019}.Release|x86.ActiveCfg = Release|Any CPU
		{6FBFA8C5-4E33-4DC0-90EE-54EEA1447019}.Release|x86.Build.0 = Release|Any CPU
		{41FDFDAF-6A55-43C9-B727-43603D7E499A}.Debug|Any CPU.ActiveCfg = Debug|Any CPU
		{41FDFDAF-6A55-43C9-B727-43603D7E499A}.Debug|Any CPU.Build.0 = Debug|Any CPU
		{41FDFDAF-6A55-43C9-B727-43603D7E499A}.Debug|x64.ActiveCfg = Debug|Any CPU
		{41FDFDAF-6A55-43C9-B727-43603D7E499A}.Debug|x64.Build.0 = Debug|Any CPU
		{41FDFDAF-6A55-43C9-B727-43603D7E499A}.Debug|x86.ActiveCfg = Debug|Any CPU
		{41FDFDAF-6A55-43C9-B727-43603D7E499A}.Debug|x86.Build.0 = Debug|Any CPU
		{41FDFDAF-6A55-43C9-B727-43603D7E499A}.Release|Any CPU.ActiveCfg = Release|Any CPU
		{41FDFDAF-6A55-43C9-B727-43603D7E499A}.Release|Any CPU.Build.0 = Release|Any CPU
		{41FDFDAF-6A55-43C9-B727-43603D7E499A}.Release|x64.ActiveCfg = Release|Any CPU
		{41FDFDAF-6A55-43C9-B727-43603D7E499A}.Release|x64.Build.0 = Release|Any CPU
		{41FDFDAF-6A55-43C9-B727-43603D7E499A}.Release|x86.ActiveCfg = Release|Any CPU
		{41FDFDAF-6A55-43C9-B727-43603D7E499A}.Release|x86.Build.0 = Release|Any CPU
	EndGlobalSection
	GlobalSection(SolutionProperties) = preSolution
		HideSolutionNode = FALSE
	EndGlobalSection
	GlobalSection(NestedProjects) = preSolution
		{DCBFB916-E4E6-4343-98ED-456D7C0886BC} = {827E0CD3-B72D-47B6-A68D-7590B98EB39B}
		{CDB1AEB7-9D0B-4837-89FE-4F254D414931} = {5D20AA90-6969-D8BD-9DCD-8634F4692FDA}
		{13383761-0B99-416D-BBD5-3AABC9E8BD38} = {5D20AA90-6969-D8BD-9DCD-8634F4692FDA}
		{9B837BF8-4B1B-467B-A7F4-7AB2D230B9AD} = {5D20AA90-6969-D8BD-9DCD-8634F4692FDA}
		{9313EF50-C42E-429F-B3EE-7289B61FA0A4} = {5D20AA90-6969-D8BD-9DCD-8634F4692FDA}
		{6B5AA03F-65CE-409E-9568-FE6B2DAEBF8F} = {5D20AA90-6969-D8BD-9DCD-8634F4692FDA}
		{0862D1C9-4FCC-4585-9C7A-DF05616AD337} = {5D20AA90-6969-D8BD-9DCD-8634F4692FDA}
		{84370008-1DA8-467F-BEB6-F94110138EAE} = {B3EEC49A-8CD7-46D4-8AE7-E7770D4F0537}
		{49AFBE02-FE56-4774-BC8B-44E3C2B9AD2A} = {6DB1ACB8-5D2B-4330-9F06-A485AACF7C6F}
		{5A6E6F2D-18E9-4A93-BE84-53C2250006DF} = {827E0CD3-B72D-47B6-A68D-7590B98EB39B}
		{6691EE92-85E4-4F42-84BA-AEB2E0CCC419} = {827E0CD3-B72D-47B6-A68D-7590B98EB39B}
		{8F579FCE-99B2-4098-92B4-94D6E91C2BC1} = {827E0CD3-B72D-47B6-A68D-7590B98EB39B}
		{16BDF6FE-DB44-40E3-AFA1-ACE3D8753D69} = {6DB1ACB8-5D2B-4330-9F06-A485AACF7C6F}
		{5DFC92F5-9A8D-43B5-A2DD-36C8F814D312} = {5D20AA90-6969-D8BD-9DCD-8634F4692FDA}
		{DF2C23BF-C288-445F-849C-B03B2973BE81} = {5D20AA90-6969-D8BD-9DCD-8634F4692FDA}
		{BCA6EFE3-55DF-43C2-ABC0-9FA7FBAD1FE1} = {5D20AA90-6969-D8BD-9DCD-8634F4692FDA}
		{24DFE1FB-B6D8-41C4-B65B-3AB567EE95AF} = {5D20AA90-6969-D8BD-9DCD-8634F4692FDA}
		{6FBFA8C5-4E33-4DC0-90EE-54EEA1447019} = {5D20AA90-6969-D8BD-9DCD-8634F4692FDA}
		{41FDFDAF-6A55-43C9-B727-43603D7E499A} = {5D20AA90-6969-D8BD-9DCD-8634F4692FDA}
	EndGlobalSection
EndGlobal
